
Microsoft Visual Studio Solution File, Format Version 12.00
# Visual Studio Version 16
VisualStudioVersion = 16.0.30711.63
MinimumVisualStudioVersion = 10.0.40219.1
Project("{FAE04EC0-301F-11D3-BF4B-00C04F79EFBC}") = "Testing-Quartz", "Testing-Quartz.csproj", "{F2487CE3-85AA-40A7-B104-4C4644338133}"
EndProject
Global
	GlobalSection(SolutionConfigurationPlatforms) = preSolution
		Debug|Any CPU = Debug|Any CPU
		Release|Any CPU = Release|Any CPU
	EndGlobalSection
	GlobalSection(ProjectConfigurationPlatforms) = postSolution
		{F2487CE3-85AA-40A7-B104-4C4644338133}.Debug|Any CPU.ActiveCfg = Debug|Any CPU
		{F2487CE3-85AA-40A7-B104-4C4644338133}.Debug|Any CPU.Build.0 = Debug|Any CPU
		{F2487CE3-85AA-40A7-B104-4C4644338133}.Release|Any CPU.ActiveCfg = Release|Any CPU
		{F2487CE3-85AA-40A7-B104-4C4644338133}.Release|Any CPU.Build.0 = Release|Any CPU
	EndGlobalSection
	GlobalSection(SolutionProperties) = preSolution
		HideSolutionNode = FALSE
	EndGlobalSection
	GlobalSection(ExtensibilityGlobals) = postSolution
		SolutionGuid = {205A8F7E-093E-47B3-908D-37B7F437739A}
	EndGlobalSection
EndGlobal
